Microsoft Visual Studio Solution File, Format Version 12.00
# Visual Studio Version 17
VisualStudioVersion = 17.10.34818.151
MinimumVisualStudioVersion = 10.0.40219.1
Project("{FAE04EC0-301F-11D3-BF4B-00C04F79EFBC}") = "ImageContentExtractor.AppHost", "ImageContentExtractor.AppHost\ImageContentExtractor.AppHost.csproj", "{86A0DDCD-5189-4F9B-BE4A-19A97DE689D7}"
EndProject
Project("{9A19103F-16F7-4668-BE54-9A1E7A4F7556}") = "ImageContentExtractor.ServiceDefaults", "ImageContentExtractor.ServiceDefaults\ImageContentExtractor.ServiceDefaults.csproj", "{27A6015D-9401-4F4F-B18B-2F009D90CD9D}"
EndProject
Project("{9A19103F-16F7-4668-BE54-9A1E7A4F7556}") = "ImageContentExtractor.ApiService", "ImageContentExtractor.ApiService\ImageContentExtractor.ApiService.csproj", "{87C54691-F03F-4B06-B7DC-284A40447BE0}"
EndProject
Project("{9A19103F-16F7-4668-BE54-9A1E7A4F7556}") = "ImageContentExtractor.Web", "ImageContentExtractor.Web\ImageContentExtractor.Web.csproj", "{B4A5D826-12A6-49F6-99B3-386B699203B1}"
EndProject
Global
	GlobalSection(SolutionConfigurationPlatforms) = preSolution
		Debug|Any CPU = Debug|Any CPU
		Release|Any CPU = Release|Any CPU
	EndGlobalSection
	GlobalSection(ProjectConfigurationPlatforms) = postSolution
		{86A0DDCD-5189-4F9B-BE4A-19A97DE689D7}.Debug|Any CPU.ActiveCfg = Debug|Any CPU
		{86A0DDCD-5189-4F9B-BE4A-19A97DE689D7}.Debug|Any CPU.Build.0 = Debug|Any CPU
		{86A0DDCD-5189-4F9B-BE4A-19A97DE689D7}.Release|Any CPU.ActiveCfg = Release|Any CPU
		{86A0DDCD-5189-4F9B-BE4A-19A97DE689D7}.Release|Any CPU.Build.0 = Release|Any CPU
		{27A6015D-9401-4F4F-B18B-2F009D90CD9D}.Debug|Any CPU.ActiveCfg = Debug|Any CPU
		{27A6015D-9401-4F4F-B18B-2F009D90CD9D}.Debug|Any CPU.Build.0 = Debug|Any CPU
		{27A6015D-9401-4F4F-B18B-2F009D90CD9D}.Release|Any CPU.ActiveCfg = Release|Any CPU
		{27A6015D-9401-4F4F-B18B-2F009D90CD9D}.Release|Any CPU.Build.0 = Release|Any CPU
		{87C54691-F03F-4B06-B7DC-284A40447BE0}.Debug|Any CPU.ActiveCfg = Debug|Any CPU
		{87C54691-F03F-4B06-B7DC-284A40447BE0}.Debug|Any CPU.Build.0 = Debug|Any CPU
		{87C54691-F03F-4B06-B7DC-284A40447BE0}.Release|Any CPU.ActiveCfg = Release|Any CPU
		{87C54691-F03F-4B06-B7DC-284A40447BE0}.Release|Any CPU.Build.0 = Release|Any CPU
		{B4A5D826-12A6-49F6-99B3-386B699203B1}.Debug|Any CPU.ActiveCfg = Debug|Any CPU
		{B4A5D826-12A6-49F6-99B3-386B699203B1}.Debug|Any CPU.Build.0 = Debug|Any CPU
		{B4A5D826-12A6-49F6-99B3-386B699203B1}.Release|Any CPU.ActiveCfg = Release|Any CPU
		{B4A5D826-12A6-49F6-99B3-386B699203B1}.Release|Any CPU.Build.0 = Release|Any CPU
	EndGlobalSection
	GlobalSection(SolutionProperties) = preSolution
		HideSolutionNode = FALSE
	EndGlobalSection
	GlobalSection(ExtensibilityGlobals) = postSolution
		SolutionGuid = {B8D9EEB8-A529-49A4-B869-C21C333476FD}
	EndGlobalSection
EndGlobal
